
Microsoft Visual Studio Solution File, Format Version 12.00
# Visual Studio Version 16
VisualStudioVersion = 16.0.30225.117
MinimumVisualStudioVersion = 10.0.40219.1
Project("{9A19103F-16F7-4668-BE54-9A1E7A4F7556}") = "openRoadsWebAPI", "openRoads\openRoadsWebAPI.csproj", "{F6329147-DD47-4E8C-B128-71F6EFCDDBF2}"
EndProject
Project("{9A19103F-16F7-4668-BE54-9A1E7A4F7556}") = "openRoads.Model", "openRoads.Model\openRoads.Model.csproj", "{048442A6-0769-4380-BFC2-40139CA9F10A}"
EndProject
Project("{2150E333-8FDC-42A3-9474-1A3956D46DE8}") = "UI", "UI", "{FF538846-24C4-42FA-BAFD-2938A519576E}"
EndProject
Project("{FAE04EC0-301F-11D3-BF4B-00C04F79EFBC}") = "openRoads.WinUI", "openRoads.WinUI\openRoads.WinUI.csproj", "{E593BAE7-6983-444A-928F-F477749856CE}"
EndProject
Project("{2150E333-8FDC-42A3-9474-1A3956D46DE8}") = "Mobile", "Mobile", "{EF399317-89B8-4E33-9A71-0E81720DFD33}"
EndProject
Project("{FAE04EC0-301F-11D3-BF4B-00C04F79EFBC}") = "openRoads.Mobile.UWP", "openRoads.Mobile\openRoads.Mobile.UWP\openRoads.Mobile.UWP.csproj", "{200EB8CC-5AC2-4509-9253-F4E4415EFF9E}"
EndProject
Project("{FAE04EC0-301F-11D3-BF4B-00C04F79EFBC}") = "openRoads.Mobile.Android", "openRoads.Mobile\openRoads.Mobile.Android\openRoads.Mobile.Android.csproj", "{528E5217-4702-402D-B675-4B38D6B797CC}"
EndProject
Project("{FAE04EC0-301F-11D3-BF4B-00C04F79EFBC}") = "openRoads.Mobile.iOS", "openRoads.Mobile\openRoads.Mobile.iOS\openRoads.Mobile.iOS.csproj", "{1832D8B2-A4B4-4470-8A44-4D859C5B84DD}"
EndProject
Project("{FAE04EC0-301F-11D3-BF4B-00C04F79EFBC}") = "openRoads.Mobile", "openRoads.Mobile\openRoads.Mobile\openRoads.Mobile.csproj", "{4718D191-1BEF-406B-96CE-6318F5936DC7}"
EndProject
Global
	GlobalSection(SolutionConfigurationPlatforms) = preSolution
		Debug|Any CPU = Debug|Any CPU
		Debug|ARM = Debug|ARM
		Debug|iPhone = Debug|iPhone
		Debug|iPhoneSimulator = Debug|iPhoneSimulator
		Debug|x64 = Debug|x64
		Debug|x86 = Debug|x86
		Release|Any CPU = Release|Any CPU
		Release|ARM = Release|ARM
		Release|iPhone = Release|iPhone
		Release|iPhoneSimulator = Release|iPhoneSimulator
		Release|x64 = Release|x64
		Release|x86 = Release|x86
	EndGlobalSection
	GlobalSection(ProjectConfigurationPlatforms) = postSolution
		{F6329147-DD47-4E8C-B128-71F6EFCDDBF2}.Debug|Any CPU.ActiveCfg = Debug|Any CPU
		{F6329147-DD47-4E8C-B128-71F6EFCDDBF2}.Debug|Any CPU.Build.0 = Debug|Any CPU
		{F6329147-DD47-4E8C-B128-71F6EFCDDBF2}.Debug|ARM.ActiveCfg = Debug|Any CPU
		{F6329147-DD47-4E8C-B128-71F6EFCDDBF2}.Debug|ARM.Build.0 = Debug|Any CPU
		{F6329147-DD47-4E8C-B128-71F6EFCDDBF2}.Debug|iPhone.ActiveCfg = Debug|Any CPU
		{F6329147-DD47-4E8C-B128-71F6EFCDDBF2}.Debug|iPhone.Build.0 = Debug|Any CPU
		{F6329147-DD47-4E8C-B128-71F6EFCDDBF2}.Debug|iPhoneSimulator.ActiveCfg = Debug|Any CPU
		{F6329147-DD47-4E8C-B128-71F6EFCDDBF2}.Debug|iPhoneSimulator.Build.0 = Debug|Any CPU
		{F6329147-DD47-4E8C-B128-71F6EFCDDBF2}.Debug|x64.ActiveCfg = Debug|Any CPU
		{F6329147-DD47-4E8C-B128-71F6EFCDDBF2}.Debug|x64.Build.0 = Debug|Any CPU
		{F6329147-DD47-4E8C-B128-71F6EFCDDBF2}.Debug|x86.ActiveCfg = Debug|Any CPU
		{F6329147-DD47-4E8C-B128-71F6EFCDDBF2}.Debug|x86.Build.0 = Debug|Any CPU
		{F6329147-DD47-4E8C-B128-71F6EFCDDBF2}.Release|Any CPU.ActiveCfg = Release|Any CPU
		{F6329147-DD47-4E8C-B128-71F6EFCDDBF2}.Release|Any CPU.Build.0 = Release|Any CPU
		{F6329147-DD47-4E8C-B128-71F6EFCDDBF2}.Release|ARM.ActiveCfg = Release|Any CPU
		{F6329147-DD47-4E8C-B128-71F6EFCDDBF2}.Release|ARM.Build.0 = Release|Any CPU
		{F6329147-DD47-4E8C-B128-71F6EFCDDBF2}.Release|iPhone.ActiveCfg = Release|Any CPU
		{F6329147-DD47-4E8C-B128-71F6EFCDDBF2}.Release|iPhone.Build.0 = Release|Any CPU
		{F6329147-DD47-4E8C-B128-71F6EFCDDBF2}.Release|iPhoneSimulator.ActiveCfg = Release|Any CPU
		{F6329147-DD47-4E8C-B128-71F6EFCDDBF2}.Release|iPhoneSimulator.Build.0 = Release|Any CPU
		{F6329147-DD47-4E8C-B128-71F6EFCDDBF2}.Release|x64.ActiveCfg = Release|Any CPU
		{F6329147-DD47-4E8C-B128-71F6EFCDDBF2}.Release|x64.Build.0 = Release|Any CPU
		{F6329147-DD47-4E8C-B128-71F6EFCDDBF2}.Release|x86.ActiveCfg = Release|Any CPU
		{F6329147-DD47-4E8C-B128-71F6EFCDDBF2}.Release|x86.Build.0 = Release|Any CPU
		{048442A6-0769-4380-BFC2-40139CA9F10A}.Debug|Any CPU.ActiveCfg = Debug|Any CPU
		{048442A6-0769-4380-BFC2-40139CA9F10A}.Debug|Any CPU.Build.0 = Debug|Any CPU
		{048442A6-0769-4380-BFC2-40139CA9F10A}.Debug|ARM.ActiveCfg = Debug|Any CPU
		{048442A6-0769-4380-BFC2-40139CA9F10A}.Debug|ARM.Build.0 = Debug|Any CPU
		{048442A6-0769-4380-BFC2-40139CA9F10A}.Debug|iPhone.ActiveCfg = Debug|Any CPU
		{048442A6-0769-4380-BFC2-40139CA9F10A}.Debug|iPhone.Build.0 = Debug|Any CPU
		{048442A6-0769-4380-BFC2-40139CA9F10A}.Debug|iPhoneSimulator.ActiveCfg = Debug|Any CPU
		{048442A6-0769-4380-BFC2-40139CA9F10A}.Debug|iPhoneSimulator.Build.0 = Debug|Any CPU
		{048442A6-0769-4380-BFC2-40139CA9F10A}.Debug|x64.ActiveCfg = Debug|Any CPU
		{048442A6-0769-4380-BFC2-40139CA9F10A}.Debug|x64.Build.0 = Debug|Any CPU
		{048442A6-0769-4380-BFC2-40139CA9F10A}.Debug|x86.ActiveCfg = Debug|Any CPU
		{048442A6-0769-4380-BFC2-40139CA9F10A}.Debug|x86.Build.0 = Debug|Any CPU
		{048442A6-0769-4380-BFC2-40139CA9F10A}.Release|Any CPU.ActiveCfg = Release|Any CPU
		{048442A6-0769-4380-BFC2-40139CA9F10A}.Release|Any CPU.Build.0 = Release|Any CPU
		{048442A6-0769-4380-BFC2-40139CA9F10A}.Release|ARM.ActiveCfg = Release|Any CPU
		{048442A6-0769-4380-BFC2-40139CA9F10A}.Release|ARM.Build.0 = Release|Any CPU
		{048442A6-0769-4380-BFC2-40139CA9F10A}.Release|iPhone.ActiveCfg = Release|Any CPU
		{048442A6-0769-4380-BFC2-40139CA9F10A}.Release|iPhone.Build.0 = Release|Any CPU
		{048442A6-0769-4380-BFC2-40139CA9F10A}.Release|iPhoneSimulator.ActiveCfg = Release|Any CPU
		{048442A6-0769-4380-BFC2-40139CA9F10A}.Release|iPhoneSimulator.Build.0 = Release|Any CPU
		{048442A6-0769-4380-BFC2-40139CA9F10A}.Release|x64.ActiveCfg = Release|Any CPU
		{048442A6-0769-4380-BFC2-40139CA9F10A}.Release|x64.Build.0 = Release|Any CPU
		{048442A6-0769-4380-BFC2-40139CA9F10A}.Release|x86.ActiveCfg = Release|Any CPU
		{048442A6-0769-4380-BFC2-40139CA9F10A}.Release|x86.Build.0 = Release|Any CPU
		{E593BAE7-6983-444A-928F-F477749856CE}.Debug|Any CPU.ActiveCfg = Debug|Any CPU
		{E593BAE7-6983-444A-928F-F477749856CE}.Debug|Any CPU.Build.0 = Debug|Any CPU
		{E593BAE7-6983-444A-928F-F477749856CE}.Debug|ARM.ActiveCfg = Debug|Any CPU
		{E593BAE7-6983-444A-928F-F477749856CE}.Debug|ARM.Build.0 = Debug|Any CPU
		{E593BAE7-6983-444A-928F-F477749856CE}.Debug|iPhone.ActiveCfg = Debug|Any CPU
		{E593BAE7-6983-444A-928F-F477749856CE}.Debug|iPhone.Build.0 = Debug|Any CPU
		{E593BAE7-6983-444A-928F-F477749856CE}.Debug|iPhoneSimulator.ActiveCfg = Debug|Any CPU
		{E593BAE7-6983-444A-928F-F477749856CE}.Debug|iPhoneSimulator.Build.0 = Debug|Any CPU
		{E593BAE7-6983-444A-928F-F477749856CE}.Debug|x64.ActiveCfg = Debug|Any CPU
		{E593BAE7-6983-444A-928F-F477749856CE}.Debug|x64.Build.0 = Debug|Any CPU
		{E593BAE7-6983-444A-928F-F477749856CE}.Debug|x86.ActiveCfg = Debug|Any CPU
		{E593BAE7-6983-444A-928F-F477749856CE}.Debug|x86.Build.0 = Debug|Any CPU
		{E593BAE7-6983-444A-928F-F477749856CE}.Release|Any CPU.ActiveCfg = Release|Any CPU
		{E593BAE7-6983-444A-928F-F477749856CE}.Release|Any CPU.Build.0 = Release|Any CPU
		{E593BAE7-6983-444A-928F-F477749856CE}.Release|ARM.ActiveCfg = Release|Any CPU
		{E593BAE7-6983-444A-928F-F477749856CE}.Release|ARM.Build.0 = Release|Any CPU
		{E593BAE7-6983-444A-928F-F477749856CE}.Release|iPhone.ActiveCfg = Release|Any CPU
		{E593BAE7-6983-444A-928F-F477749856CE}.Release|iPhone.Build.0 = Release|Any CPU
		{E593BAE7-6983-444A-928F-F477749856CE}.Release|iPhoneSimulator.ActiveCfg = Release|Any CPU
		{E593BAE7-6983-444A-928F-F477749856CE}.Release|iPhoneSimulator.Build.0 = Release|Any CPU
		{E593BAE7-6983-444A-928F-F477749856CE}.Release|x64.ActiveCfg = Release|Any CPU
		{E593BAE7-6983-444A-928F-F477749856CE}.Release|x64.Build.0 = Release|Any CPU
		{E593BAE7-6983-444A-928F-F477749856CE}.Release|x86.ActiveCfg = Release|Any CPU
		{E593BAE7-6983-444A-928F-F477749856CE}.Release|x86.Build.0 = Release|Any CPU
		{200EB8CC-5AC2-4509-9253-F4E4415EFF9E}.Debug|Any CPU.ActiveCfg = Debug|x86
		{200EB8CC-5AC2-4509-9253-F4E4415EFF9E}.Debug|ARM.ActiveCfg = Debug|ARM
		{200EB8CC-5AC2-4509-9253-F4E4415EFF9E}.Debug|ARM.Build.0 = Debug|ARM
		{200EB8CC-5AC2-4509-9253-F4E4415EFF9E}.Debug|ARM.Deploy.0 = Debug|ARM
		{200EB8CC-5AC2-4509-9253-F4E4415EFF9E}.Debug|iPhone.ActiveCfg = Debug|x86
		{200EB8CC-5AC2-4509-9253-F4E4415EFF9E}.Debug|iPhoneSimulator.ActiveCfg = Debug|x86
		{200EB8CC-5AC2-4509-9253-F4E4415EFF9E}.Debug|x64.ActiveCfg = Debug|x64
		{200EB8CC-5AC2-4509-9253-F4E4415EFF9E}.Debug|x64.Build.0 = Debug|x64
		{200EB8CC-5AC2-4509-9253-F4E4415EFF9E}.Debug|x64.Deploy.0 = Debug|x64
		{200EB8CC-5AC2-4509-9253-F4E4415EFF9E}.Debug|x86.ActiveCfg = Debug|x86
		{200EB8CC-5AC2-4509-9253-F4E4415EFF9E}.Debug|x86.Build.0 = Debug|x86
		{200EB8CC-5AC2-4509-9253-F4E4415EFF9E}.Debug|x86.Deploy.0 = Debug|x86
		{200EB8CC-5AC2-4509-9253-F4E4415EFF9E}.Release|Any CPU.ActiveCfg = Release|x86
		{200EB8CC-5AC2-4509-9253-F4E4415EFF9E}.Release|ARM.ActiveCfg = Release|ARM
		{200EB8CC-5AC2-4509-9253-F4E4415EFF9E}.Release|ARM.Build.0 = Release|ARM
		{200EB8CC-5AC2-4509-9253-F4E4415EFF9E}.Release|ARM.Deploy.0 = Release|ARM
		{200EB8CC-5AC2-4509-9253-F4E4415EFF9E}.Release|iPhone.ActiveCfg = Release|x86
		{200EB8CC-5AC2-4509-9253-F4E4415EFF9E}.Release|iPhoneSimulator.ActiveCfg = Release|x86
		{200EB8CC-5AC2-4509-9253-F4E4415EFF9E}.Release|x64.ActiveCfg = Release|x64
		{200EB8CC-5AC2-4509-9253-F4E4415EFF9E}.Release|x64.Build.0 = Release|x64
		{200EB8CC-5AC2-4509-9253-F4E4415EFF9E}.Release|x64.Deploy.0 = Release|x64
		{200EB8CC-5AC2-4509-9253-F4E4415EFF9E}.Release|x86.ActiveCfg = Release|x86
		{200EB8CC-5AC2-4509-9253-F4E4415EFF9E}.Release|x86.Build.0 = Release|x86
		{200EB8CC-5AC2-4509-9253-F4E4415EFF9E}.Release|x86.Deploy.0 = Release|x86
		{528E5217-4702-402D-B675-4B38D6B797CC}.Debug|Any CPU.ActiveCfg = Debug|Any CPU
		{528E5217-4702-402D-B675-4B38D6B797CC}.Debug|Any CPU.Build.0 = Debug|Any CPU
		{528E5217-4702-402D-B675-4B38D6B797CC}.Debug|Any CPU.Deploy.0 = Debug|Any CPU
		{528E5217-4702-402D-B675-4B38D6B797CC}.Debug|ARM.ActiveCfg = Debug|Any CPU
		{528E5217-4702-402D-B675-4B38D6B797CC}.Debug|ARM.Build.0 = Debug|Any CPU
		{528E5217-4702-402D-B675-4B38D6B797CC}.Debug|ARM.Deploy.0 = Debug|Any CPU
		{528E5217-4702-402D-B675-4B38D6B797CC}.Debug|iPhone.ActiveCfg = Debug|Any CPU
		{528E5217-4702-402D-B675-4B38D6B797CC}.Debug|iPhone.Build.0 = Debug|Any CPU
		{528E5217-4702-402D-B675-4B38D6B797CC}.Debug|iPhone.Deploy.0 = Debug|Any CPU
		{528E5217-4702-402D-B675-4B38D6B797CC}.Debug|iPhoneSimulator.ActiveCfg = Debug|Any CPU
		{528E5217-4702-402D-B675-4B38D6B797CC}.Debug|iPhoneSimulator.Build.0 = Debug|Any CPU
		{528E5217-4702-402D-B675-4B38D6B797CC}.Debug|iPhoneSimulator.Deploy.0 = Debug|Any CPU
		{528E5217-4702-402D-B675-4B38D6B797CC}.Debug|x64.ActiveCfg = Debug|Any CPU
		{528E5217-4702-402D-B675-4B38D6B797CC}.Debug|x64.Build.0 = Debug|Any CPU
		{528E5217-4702-402D-B675-4B38D6B797CC}.Debug|x64.Deploy.0 = Debug|Any CPU
		{528E5217-4702-402D-B675-4B38D6B797CC}.Debug|x86.ActiveCfg = Debug|Any CPU
		{528E5217-4702-402D-B675-4B38D6B797CC}.Debug|x86.Build.0 = Debug|Any CPU
		{528E5217-4702-402D-B675-4B38D6B797CC}.Debug|x86.Deploy.0 = Debug|Any CPU
		{528E5217-4702-402D-B675-4B38D6B797CC}.Release|Any CPU.ActiveCfg = Release|Any CPU
		{528E5217-4702-402D-B675-4B38D6B797CC}.Release|Any CPU.Build.0 = Release|Any CPU
		{528E5217-4702-402D-B675-4B38D6B797CC}.Release|Any CPU.Deploy.0 = Release|Any CPU
		{528E5217-4702-402D-B675-4B38D6B797CC}.Release|ARM.ActiveCfg = Release|Any CPU
		{528E5217-4702-402D-B675-4B38D6B797CC}.Release|ARM.Build.0 = Release|Any CPU
		{528E5217-4702-402D-B675-4B38D6B797CC}.Release|ARM.Deploy.0 = Release|Any CPU
		{528E5217-4702-402D-B675-4B38D6B797CC}.Release|iPhone.ActiveCfg = Release|Any CPU
		{528E5217-4702-402D-B675-4B38D6B797CC}.Release|iPhone.Build.0 = Release|Any CPU
		{528E5217-4702-402D-B675-4B38D6B797CC}.Release|iPhone.Deploy.0 = Release|Any CPU
		{528E5217-4702-402D-B675-4B38D6B797CC}.Release|iPhoneSimulator.ActiveCfg = Release|Any CPU
		{528E5217-4702-402D-B675-4B38D6B797CC}.Release|iPhoneSimulator.Build.0 = Release|Any CPU
		{528E5217-4702-402D-B675-4B38D6B797CC}.Release|iPhoneSimulator.Deploy.0 = Release|Any CPU
		{528E5217-4702-402D-B675-4B38D6B797CC}.Release|x64.ActiveCfg = Release|Any CPU
		{528E5217-4702-402D-B675-4B38D6B797CC}.Release|x64.Build.0 = Release|Any CPU
		{528E5217-4702-402D-B675-4B38D6B797CC}.Release|x64.Deploy.0 = Release|Any CPU
		{528E5217-4702-402D-B675-4B38D6B797CC}.Release|x86.ActiveCfg = Release|Any CPU
		{528E5217-4702-402D-B675-4B38D6B797CC}.Release|x86.Build.0 = Release|Any CPU
		{528E5217-4702-402D-B675-4B38D6B797CC}.Release|x86.Deploy.0 = Release|Any CPU
		{1832D8B2-A4B4-4470-8A44-4D859C5B84DD}.Debug|Any CPU.ActiveCfg = Debug|iPhone
		{1832D8B2-A4B4-4470-8A44-4D859C5B84DD}.Debug|ARM.ActiveCfg = Debug|iPhone
		{1832D8B2-A4B4-4470-8A44-4D859C5B84DD}.Debug|iPhone.ActiveCfg = Debug|iPhone
		{1832D8B2-A4B4-4470-8A44-4D859C5B84DD}.Debug|iPhone.Build.0 = Debug|iPhone
		{1832D8B2-A4B4-4470-8A44-4D859C5B84DD}.Debug|iPhoneSimulator.ActiveCfg = Debug|iPhoneSimulator
		{1832D8B2-A4B4-4470-8A44-4D859C5B84DD}.Debug|iPhoneSimulator.Build.0 = Debug|iPhoneSimulator
		{1832D8B2-A4B4-4470-8A44-4D859C5B84DD}.Debug|x64.ActiveCfg = Debug|iPhone
		{1832D8B2-A4B4-4470-8A44-4D859C5B84DD}.Debug|x86.ActiveCfg = Debug|iPhone
		{1832D8B2-A4B4-4470-8A44-4D859C5B84DD}.Release|Any CPU.ActiveCfg = Release|iPhone
		{1832D8B2-A4B4-4470-8A44-4D859C5B84DD}.Release|ARM.ActiveCfg = Release|iPhone
		{1832D8B2-A4B4-4470-8A44-4D859C5B84DD}.Release|iPhone.ActiveCfg = Release|iPhone
		{1832D8B2-A4B4-4470-8A44-4D859C5B84DD}.Release|iPhone.Build.0 = Release|iPhone
		{1832D8B2-A4B4-4470-8A44-4D859C5B84DD}.Release|iPhoneSimulator.ActiveCfg = Release|iPhoneSimulator
		{1832D8B2-A4B4-4470-8A44-4D859C5B84DD}.Release|iPhoneSimulator.Build.0 = Release|iPhoneSimulator
		{1832D8B2-A4B4-4470-8A44-4D859C5B84DD}.Release|x64.ActiveCfg = Release|iPhone
		{1832D8B2-A4B4-4470-8A44-4D859C5B84DD}.Release|x86.ActiveCfg = Release|iPhone
		{4718D191-1BEF-406B-96CE-6318F5936DC7}.Debug|Any CPU.ActiveCfg = Debug|Any CPU
		{4718D191-1BEF-406B-96CE-6318F5936DC7}.Debug|Any CPU.Build.0 = Debug|Any CPU
		{4718D191-1BEF-406B-96CE-6318F5936DC7}.Debug|ARM.ActiveCfg = Debug|Any CPU
		{4718D191-1BEF-406B-96CE-6318F5936DC7}.Debug|ARM.Build.0 = Debug|Any CPU
		{4718D191-1BEF-406B-96CE-6318F5936DC7}.Debug|iPhone.ActiveCfg = Debug|Any CPU
		{4718D191-1BEF-406B-96CE-6318F5936DC7}.Debug|iPhone.Build.0 = Debug|Any CPU
		{4718D191-1BEF-406B-96CE-6318F5936DC7}.Debug|iPhoneSimulator.ActiveCfg = Debug|Any CPU
		{4718D191-1BEF-406B-96CE-6318F5936DC7}.Debug|iPhoneSimulator.Build.0 = Debug|Any CPU
		{4718D191-1BEF-406B-96CE-6318F5936DC7}.Debug|x64.ActiveCfg = Debug|Any CPU
		{4718D191-1BEF-406B-96CE-6318F5936DC7}.Debug|x64.Build.0 = Debug|Any CPU
		{4718D191-1BEF-406B-96CE-6318F5936DC7}.Debug|x86.ActiveCfg = Debug|Any CPU
		{4718D191-1BEF-406B-96CE-6318F5936DC7}.Debug|x86.Build.0 = Debug|Any CPU
		{4718D191-1BEF-406B-96CE-6318F5936DC7}.Release|Any CPU.ActiveCfg = Release|Any CPU
		{4718D191-1BEF-406B-96CE-6318F5936DC7}.Release|Any CPU.Build.0 = Release|Any CPU
		{4718D191-1BEF-406B-96CE-6318F5936DC7}.Release|ARM.ActiveCfg = Release|Any CPU
		{4718D191-1BEF-406B-96CE-6318F5936DC7}.Release|ARM.Build.0 = Release|Any CPU
		{4718D191-1BEF-406B-96CE-6318F5936DC7}.Release|iPhone.ActiveCfg = Release|Any CPU
		{4718D191-1BEF-406B-96CE-6318F5936DC7}.Release|iPhone.Build.0 = Release|Any CPU
		{4718D191-1BEF-406B-96CE-6318F5936DC7}.Release|iPhoneSimulator.ActiveCfg = Release|Any CPU
		{4718D191-1BEF-406B-96CE-6318F5936DC7}.Release|iPhoneSimulator.Build.0 = Release|Any CPU
		{4718D191-1BEF-406B-96CE-6318F5936DC7}.Release|x64.ActiveCfg = Release|Any CPU
		{4718D191-1BEF-406B-96CE-6318F5936DC7}.Release|x64.Build.0 = Release|Any CPU
		{4718D191-1BEF-406B-96CE-6318F5936DC7}.Release|x86.ActiveCfg = Release|Any CPU
		{4718D191-1BEF-406B-96CE-6318F5936DC7}.Release|x86.Build.0 = Release|Any CPU
	EndGlobalSection
	GlobalSection(SolutionProperties) = preSolution
		HideSolutionNode = FALSE
	EndGlobalSection
	GlobalSection(NestedProjects) = preSolution
		{E593BAE7-6983-444A-928F-F477749856CE} = {FF538846-24C4-42FA-BAFD-2938A519576E}
		{EF399317-89B8-4E33-9A71-0E81720DFD33} = {FF538846-24C4-42FA-BAFD-2938A519576E}
		{200EB8CC-5AC2-4509-9253-F4E4415EFF9E} = {EF399317-89B8-4E33-9A71-0E81720DFD33}
		{528E5217-4702-402D-B675-4B38D6B797CC} = {EF399317-89B8-4E33-9A71-0E81720DFD33}
		{1832D8B2-A4B4-4470-8A44-4D859C5B84DD} = {EF399317-89B8-4E33-9A71-0E81720DFD33}
		{4718D191-1BEF-406B-96CE-6318F5936DC7} = {EF399317-89B8-4E33-9A71-0E81720DFD33}
	EndGlobalSection
	GlobalSection(ExtensibilityGlobals) = postSolution
		SolutionGuid = {B148F8F0-8FB1-4F07-8B73-4C5639D2C01E}
	EndGlobalSection
EndGlobal
